
Microsoft Visual Studio Solution File, Format Version 12.00
# Visual Studio 15
VisualStudioVersion = 15.0.28307.168
MinimumVisualStudioVersion = 10.0.40219.1
Project("{FAE04EC0-301F-11D3-BF4B-00C04F79EFBC}") = "MetOfficeApp", "MetOfficeApp\MetOfficeApp.csproj", "{F2AAF168-0C65-4387-A700-D381878CCD10}"
EndProject
Project("{54435603-DBB4-11D2-8724-00A0C9A8B90C}") = "Setup", "Setup\Setup.vdproj", "{E3D772BF-BC7F-4458-8321-CF7B38F02059}"
EndProject
Global
	GlobalSection(SolutionConfigurationPlatforms) = preSolution
		Debug|Any CPU = Debug|Any CPU
		Debug|x86 = Debug|x86
		Release|Any CPU = Release|Any CPU
		Release|x86 = Release|x86
	EndGlobalSection
	GlobalSection(ProjectConfigurationPlatforms) = postSolution
		{F2AAF168-0C65-4387-A700-D381878CCD10}.Debug|Any CPU.ActiveCfg = Debug|Any CPU
		{F2AAF168-0C65-4387-A700-D381878CCD10}.Debug|Any CPU.Build.0 = Debug|Any CPU
		{F2AAF168-0C65-4387-A700-D381878CCD10}.Debug|x86.ActiveCfg = Debug|Any CPU
		{F2AAF168-0C65-4387-A700-D381878CCD10}.Debug|x86.Build.0 = Debug|Any CPU
		{F2AAF168-0C65-4387-A700-D381878CCD10}.Release|Any CPU.ActiveCfg = Release|Any CPU
		{F2AAF168-0C65-4387-A700-D381878CCD10}.Release|Any CPU.Build.0 = Release|Any CPU
		{F2AAF168-0C65-4387-A700-D381878CCD10}.Release|x86.ActiveCfg = Release|Any CPU
		{F2AAF168-0C65-4387-A700-D381878CCD10}.Release|x86.Build.0 = Release|Any CPU
		{E3D772BF-BC7F-4458-8321-CF7B38F02059}.Debug|Any CPU.ActiveCfg = Debug
		{E3D772BF-BC7F-4458-8321-CF7B38F02059}.Debug|x86.ActiveCfg = Debug
		{E3D772BF-BC7F-4458-8321-CF7B38F02059}.Debug|x86.Build.0 = Debug
		{E3D772BF-BC7F-4458-8321-CF7B38F02059}.Release|Any CPU.ActiveCfg = Release
		{E3D772BF-BC7F-4458-8321-CF7B38F02059}.Release|x86.ActiveCfg = Release
		{E3D772BF-BC7F-4458-8321-CF7B38F02059}.Release|x86.Build.0 = Release
	EndGlobalSection
	GlobalSection(SolutionProperties) = preSolution
		HideSolutionNode = FALSE
	EndGlobalSection
	GlobalSection(ExtensibilityGlobals) = postSolution
		SolutionGuid = {EE216B65-14A7-41E8-ABA9-CF7FDAF543F4}
	EndGlobalSection
EndGlobal
